
Microsoft Visual Studio Solution File, Format Version 12.00
# Visual Studio Version 17
VisualStudioVersion = 17.14.36408.4 d17.14
MinimumVisualStudioVersion = 10.0.40219.1
Project("{FAE04EC0-301F-11D3-BF4B-00C04F79EFBC}") = "CustomerTrackingSystem", "CustomerTrackingSystem.csproj", "{CFFD47B9-E9B0-4F74-A7D6-01F3063A2FCD}"
EndProject
Global
	GlobalSection(SolutionConfigurationPlatforms) = preSolution
		Debug|Any CPU = Debug|Any CPU
		Release|Any CPU = Release|Any CPU
	EndGlobalSection
	GlobalSection(ProjectConfigurationPlatforms) = postSolution
		{CFFD47B9-E9B0-4F74-A7D6-01F3063A2FCD}.Debug|Any CPU.ActiveCfg = Debug|Any CPU
		{CFFD47B9-E9B0-4F74-A7D6-01F3063A2FCD}.Debug|Any CPU.Build.0 = Debug|Any CPU
		{CFFD47B9-E9B0-4F74-A7D6-01F3063A2FCD}.Release|Any CPU.ActiveCfg = Release|Any CPU
		{CFFD47B9-E9B0-4F74-A7D6-01F3063A2FCD}.Release|Any CPU.Build.0 = Release|Any CPU
	EndGlobalSection
	GlobalSection(SolutionProperties) = preSolution
		HideSolutionNode = FALSE
	EndGlobalSection
	GlobalSection(ExtensibilityGlobals) = postSolution
		SolutionGuid = {F068E0CC-C295-486F-9A6F-35D8BD50C81A}
	EndGlobalSection
EndGlobal
